github.com/tencentcloud/tencentcloud-sdk-go/tencentcloud/common v1.0.593 h1:VjzQDGDVnKJDKtt/tzD4gAvzulnY3lDZqH+gOIggbu8=
github.com/tencentcloud/tencentcloud-sdk-go/tencentcloud/common v1.0.593/go.mod h1:7sCQWVkxcsR38nffDW057DRGk8mUjK1Ing/EFOK8s8Y=
github.com/tencentcloud/tencentcloud-sdk-go/tencentcloud/lighthouse v1.0.593 h1:VER4+cqdxUpm01pC+ipG1m+0cElGs6lCpf3oQyFiCQE=
github.com/tencentcloud/tencentcloud-sdk-go/tencentcloud/lighthouse v1.0.593/go.mod h1:WjE5X0fBzed8MY1Egshr5LAc+U09WPt6vkLKa4tY8GU=
